{
  "name": "swagger-aem-osgi-deps",
  "lockfileVersion": 3,
  "requires": true,
  "packages": {
    "": {
      "name": "swagger-aem-osgi-deps",
      "dependencies": {
        "validator": "^13.15.35"
      }
    },
    "node_modules/validator": {
      "version": "13.15.35",
      "resolved": "https://registry.npmjs.org/validator/-/validator-13.15.35.tgz",
      "integrity": "sha512-TQ5pAGhd5whStmqWvYF4OjQROlmv9SMFVt37qoCBdqRffuuklWYQlCNnEs2ZaIBD1kZRNnikiZOS1eqgkar0iw==",
      "license": "MIT",
      "engines": {
        "node": ">= 0.10"
      }
    }
  }
}
